{
  "name": "todo-app",
  "version": "0.1.0",
  "lockfileVersion": 3,
  "requires": true,
  "packages": {
    "": {
      "name": "todo-app",
      "version": "0.1.0",
      "dependencies": {
        "@emotion/react": "^11.13.0",
        "@emotion/styled": "^11.13.0",
        "@mui/icons-material": "^6.1.0",
        "@mui/material": "^6.1.0",
        "@mui/x-date-pickers": "^7.18.0",
        "date-fns": "^3.6.0",
        "react": "^18.3.1",
        "react-dom": "^18.3.1",
        "react-router-dom": "^6.30.3",
        "zustand": "^5.0.12"
      },
      "devDependencies": {
        "@faker-js/faker": "^10.3.0",
        "@playwright/test": "^1.59.1",
        "@types/react": "^18.3.5",
        "@types/react-dom": "^18.3.0",
        "@vitejs/plugin-react": "^4.3.1",
        "dotenv": "^17.2.0",
        "multiple-cucumber-html-reporter": "^3.10.0",
        "playwright-bdd": "^8.5.0",
        "typescript": "^5.5.3",
        "vite": "^5.4.2"
      }
    },
    "../../../node_modules/.pnpm/@emotion+react@11.14.0_@types+react@18.3.28_react@18.3.1/node_modules/@emotion/react": {
      "version": "11.14.0",
      "license": "MIT",
      "dependencies": {
        "@babel/runtime": "^7.18.3",
        "@emotion/babel-plugin": "^11.13.5",
        "@emotion/cache": "^11.14.0",
        "@emotion/serialize": "^1.3.3",
        "@emotion/use-insertion-effect-with-fallbacks": "^1.2.0",
        "@emotion/utils": "^1.4.2",
        "@emotion/weak-memoize": "^0.4.0",
        "hoist-non-react-statics": "^3.3.1"
      },
      "devDependencies": {
        "@definitelytyped/dtslint": "0.0.112",
        "@emotion/css": "11.13.5",
        "@emotion/css-prettifier": "1.2.0",
        "@emotion/server": "11.11.0",
        "@emotion/styled": "11.14.0",
        "@types/hoist-non-react-statics": "^3.3.5",
        "html-tag-names": "^1.1.2",
        "react": "16.14.0",
        "svg-tag-names": "^1.1.1",
        "typescript": "^5.4.5"
      },
      "peerDependencies": {
        "react": ">=16.8.0"
      },
      "peerDependenciesMeta": {
        "@types/react": {
          "optional": true
        }
      }
    },
    "../../../node_modules/.pnpm/@emotion+styled@11.14.1_@emotion+react@11.14.0_@types+react@18.3.28_react@18.3.1__@types+react@18.3.28_react@18.3.1/node_modules/@emotion/styled": {
      "version": "11.14.1",
      "license": "MIT",
      "dependencies": {
        "@babel/runtime": "^7.18.3",
        "@emotion/babel-plugin": "^11.13.5",
        "@emotion/is-prop-valid": "^1.3.0",
        "@emotion/serialize": "^1.3.3",
        "@emotion/use-insertion-effect-with-fallbacks": "^1.2.0",
        "@emotion/utils": "^1.4.2"
      },
      "devDependencies": {
        "@definitelytyped/dtslint": "0.0.112",
        "@emotion/react": "11.14.0",
        "react": "16.14.0",
        "typescript": "^5.4.5"
      },
      "peerDependencies": {
        "@emotion/react": "^11.0.0-rc.0",
        "react": ">=16.8.0"
      },
      "peerDependenciesMeta": {
        "@types/react": {
          "optional": true
        }
      }
    },
    "../../../node_modules/.pnpm/@faker-js+faker@10.4.0/node_modules/@faker-js/faker": {
      "version": "10.4.0",
      "dev": true,
      "funding": [
        {
          "type": "opencollective",
          "url": "https://opencollective.com/fakerjs"
        }
      ],
      "license": "MIT",
      "devDependencies": {
        "@eslint/compat": "2.0.3",
        "@eslint/js": "9.39.4",
        "@stylistic/eslint-plugin": "5.10.0",
        "@types/node": "24.12.0",
        "@types/sanitize-html": "2.16.1",
        "@types/semver": "7.7.1",
        "@types/validator": "13.15.10",
        "@vitest/coverage-v8": "4.1.0",
        "@vitest/eslint-plugin": "1.6.12",
        "@vitest/ui": "4.1.0",
        "@vueuse/core": "14.2.1",
        "commit-and-tag-version": "12.7.1",
        "cypress": "15.12.0",
        "eslint": "9.39.4",
        "eslint-config-prettier": "10.1.8",
        "eslint-plugin-file-progress": "3.0.2",
        "eslint-plugin-jsdoc": "62.8.0",
        "eslint-plugin-prettier": "5.5.5",
        "eslint-plugin-unicorn": "62.0.0",
        "jiti": "2.6.1",
        "npm-run-all2": "8.0.4",
        "prettier": "3.8.1",
        "prettier-plugin-organize-imports": "4.3.0",
        "prettier-plugin-pkg": "0.22.0",
        "sanitize-html": "2.17.2",
        "semver": "7.7.4",
        "ts-morph": "27.0.2",
        "tsup": "8.5.1",
        "tsx": "4.21.0",
        "typescript": "5.9.3",
        "typescript-eslint": "8.57.1",
        "validator": "13.15.26",
        "vitepress": "2.0.0-alpha.17",
        "vitest": "4.1.0",
        "vue": "3.5.30",
        "vue-tsc": "3.2.6"
      },
      "engines": {
        "node": "^20.19.0 || ^22.13.0 || ^23.5.0 || >=24.0.0",
        "npm": ">=10"
      }
    },
    "../../../node_modules/.pnpm/@mui+icons-material@6.5.0_@mui+material@6.5.0_@emotion+react@11.14.0_@types+react@18.3.28_rea_5bhv252y7y5evidk7rbtp63yp4/node_modules/@mui/icons-material": {
      "version": "6.5.0",
      "license": "MIT",
      "dependencies": {
        "@babel/runtime": "^7.26.0"
      },
      "engines": {
        "node": ">=14.0.0"
      },
      "funding": {
        "type": "opencollective",
        "url": "https://opencollective.com/mui-org"
      },
      "peerDependencies": {
        "@mui/material": "^6.5.0",
        "@types/react": "^17.0.0 || ^18.0.0 || ^19.0.0",
        "react": "^17.0.0 || ^18.0.0 || ^19.0.0"
      },
      "peerDependenciesMeta": {
        "@types/react": {
          "optional": true
        }
      }
    },
    "../../../node_modules/.pnpm/@mui+material@6.5.0_@emotion+react@11.14.0_@types+react@18.3.28_react@18.3.1__@emotion+styled_6ratv5p5rfxejiqyqxxypeal34/node_modules/@mui/material": {
      "version": "6.5.0",
      "license": "MIT",
      "dependencies": {
        "@babel/runtime": "^7.26.0",
        "@mui/core-downloads-tracker": "^6.5.0",
        "@mui/system": "^6.5.0",
        "@mui/types": "~7.2.24",
        "@mui/utils": "^6.4.9",
        "@popperjs/core": "^2.11.8",
        "@types/react-transition-group": "^4.4.12",
        "clsx": "^2.1.1",
        "csstype": "^3.1.3",
        "prop-types": "^15.8.1",
        "react-is": "^19.0.0",
        "react-transition-group": "^4.4.5"
      },
      "engines": {
        "node": ">=14.0.0"
      },
      "funding": {
        "type": "opencollective",
        "url": "https://opencollective.com/mui-org"
      },
      "peerDependencies": {
        "@emotion/react": "^11.5.0",
        "@emotion/styled": "^11.3.0",
        "@mui/material-pigment-css": "^6.5.0",
        "@types/react": "^17.0.0 || ^18.0.0 || ^19.0.0",
        "react": "^17.0.0 || ^18.0.0 || ^19.0.0",
        "react-dom": "^17.0.0 || ^18.0.0 || ^19.0.0"
      },
      "peerDependenciesMeta": {
        "@emotion/react": {
          "optional": true
        },
        "@emotion/styled": {
          "optional": true
        },
        "@mui/material-pigment-css": {
          "optional": true
        },
        "@types/react": {
          "optional": true
        }
      }
    },
    "../../../node_modules/.pnpm/@mui+x-date-pickers@7.29.4_@emotion+react@11.14.0_@types+react@18.3.28_react@18.3.1__@emotion_rjdwg7ajit5yujzusyrgekienu/node_modules/@mui/x-date-pickers": {
      "version": "7.29.4",
      "license": "MIT",
      "dependencies": {
        "@babel/runtime": "^7.25.7",
        "@mui/utils": "^5.16.6 || ^6.0.0 || ^7.0.0",
        "@mui/x-internals": "7.29.0",
        "@types/react-transition-group": "^4.4.11",
        "clsx": "^2.1.1",
        "prop-types": "^15.8.1",
        "react-transition-group": "^4.4.5"
      },
      "engines": {
        "node": ">=14.0.0"
      },
      "funding": {
        "type": "opencollective",
        "url": "https://opencollective.com/mui-org"
      },
      "peerDependencies": {
        "@emotion/react": "^11.9.0",
        "@emotion/styled": "^11.8.1",
        "@mui/material": "^5.15.14 || ^6.0.0 || ^7.0.0",
        "@mui/system": "^5.15.14 || ^6.0.0 || ^7.0.0",
        "date-fns": "^2.25.0 || ^3.2.0 || ^4.0.0",
        "date-fns-jalali": "^2.13.0-0 || ^3.2.0-0 || ^4.0.0-0",
        "dayjs": "^1.10.7",
        "luxon": "^3.0.2",
        "moment": "^2.29.4",
        "moment-hijri": "^2.1.2 || ^3.0.0",
        "moment-jalaali": "^0.7.4 || ^0.8.0 || ^0.9.0 || ^0.10.0",
        "react": "^17.0.0 || ^18.0.0 || ^19.0.0",
        "react-dom": "^17.0.0 || ^18.0.0 || ^19.0.0"
      },
      "peerDependenciesMeta": {
        "@emotion/react": {
          "optional": true
        },
        "@emotion/styled": {
          "optional": true
        },
        "date-fns": {
          "optional": true
        },
        "date-fns-jalali": {
          "optional": true
        },
        "dayjs": {
          "optional": true
        },
        "luxon": {
          "optional": true
        },
        "moment": {
          "optional": true
        },
        "moment-hijri": {
          "optional": true
        },
        "moment-jalaali": {
          "optional": true
        }
      }
    },
    "../../../node_modules/.pnpm/@playwright+test@1.59.1/node_modules/@playwright/test": {
      "version": "1.59.1",
      "dev": true,
      "license": "Apache-2.0",
      "dependencies": {
        "playwright": "1.59.1"
      },
      "bin": {
        "playwright": "cli.js"
      },
      "engines": {
        "node": ">=18"
      }
    },
    "../../../node_modules/.pnpm/@types+react-dom@18.3.7_@types+react@18.3.28/node_modules/@types/react-dom": {
      "version": "18.3.7",
      "dev": true,
      "license": "MIT",
      "peerDependencies": {
        "@types/react": "^18.0.0"
      }
    },
    "../../../node_modules/.pnpm/@types+react@18.3.28/node_modules/@types/react": {
      "version": "18.3.28",
      "devOptional": true,
      "license": "MIT",
      "dependencies": {
        "@types/prop-types": "*",
        "csstype": "^3.2.2"
      }
    },
    "../../../node_modules/.pnpm/@vitejs+plugin-react@4.7.0_vite@5.4.21_@types+node@22.19.17_/node_modules/@vitejs/plugin-react": {
      "version": "4.7.0",
      "dev": true,
      "license": "MIT",
      "dependencies": {
        "@babel/core": "^7.28.0",
        "@babel/plugin-transform-react-jsx-self": "^7.27.1",
        "@babel/plugin-transform-react-jsx-source": "^7.27.1",
        "@rolldown/pluginutils": "1.0.0-beta.27",
        "@types/babel__core": "^7.20.5",
        "react-refresh": "^0.17.0"
      },
      "devDependencies": {
        "@vitejs/react-common": "workspace:*",
        "babel-plugin-react-compiler": "19.1.0-rc.2",
        "react": "^19.1.0",
        "react-dom": "^19.1.0",
        "rolldown": "1.0.0-beta.27",
        "tsdown": "^0.12.9",
        "vitest": "^3.2.4"
      },
      "engines": {
        "node": "^14.18.0 || >=16.0.0"
      },
      "peerDependencies": {
        "vite": "^4.2.0 || ^5.0.0 || ^6.0.0 || ^7.0.0"
      }
    },
    "../../../node_modules/.pnpm/date-fns@3.6.0/node_modules/date-fns": {
      "version": "3.6.0",
      "license": "MIT",
      "devDependencies": {
        "@babel/cli": "^7.22.10",
        "@babel/core": "^7.22.10",
        "@babel/preset-env": "^7.22.10",
        "@babel/preset-typescript": "^7.22.5",
        "@date-fns/docs": "^0.29.0",
        "@date-fns/utc": "^1.2.0",
        "@octokit/core": "^3.2.5",
        "@size-limit/esbuild": "^11.0.1",
        "@size-limit/file": "^11.0.1",
        "@types/bun": "^1.0.3",
        "@types/lodash": "^4.14.202",
        "@types/node": "^20.10.2",
        "@types/sinon": "^9.0.6",
        "@typescript-eslint/eslint-plugin": "^6.13.1",
        "@typescript-eslint/parser": "^6.13.1",
        "@vitest/browser": "^1.3.1",
        "@vitest/coverage-v8": "^1.3.1",
        "babel-plugin-add-import-extension": "^1.6.0",
        "bun": "^1.0.25",
        "cloc": "^2.2.0",
        "coveralls": "^3.1.1",
        "eslint": "^8.55.0",
        "firebase": "^3.7.1",
        "fp-ts": "^2.16.2",
        "js-fns": "^2.5.1",
        "jscodeshift": "^0.15.2",
        "lodash": "^4.17.21",
        "playwright": "^1.40.1",
        "prettier": "^3.1.0",
        "simple-git": "^2.35.2",
        "sinon": "^7.4.1",
        "size-limit": "^11.0.1",
        "tsx": "^4.6.1",
        "typedoc": "^0.25.4",
        "typedoc-plugin-missing-exports": "^2.1.0",
        "typescript": "^5.3.2",
        "vitest": "^1.3.1"
      },
      "funding": {
        "type": "github",
        "url": "https://github.com/sponsors/kossnocorp"
      }
    },
    "../../../node_modules/.pnpm/dotenv@17.4.1/node_modules/dotenv": {
      "version": "17.4.1",
      "dev": true,
      "license": "BSD-2-Clause",
      "devDependencies": {
        "@types/node": "^18.11.3",
        "decache": "^4.6.2",
        "sinon": "^14.0.1",
        "standard": "^17.0.0",
        "standard-version": "^9.5.0",
        "tap": "^19.2.0",
        "typescript": "^4.8.4"
      },
      "engines": {
        "node": ">=12"
      },
      "funding": {
        "url": "https://dotenvx.com"
      }
    },
    "../../../node_modules/.pnpm/multiple-cucumber-html-reporter@3.10.0/node_modules/multiple-cucumber-html-reporter": {
      "version": "3.10.0",
      "dev": true,
      "license": "MIT",
      "dependencies": {
        "find": "^0.3.0",
        "fs-extra": "^11.3.3",
        "jsonfile": "^6.2.0",
        "lodash": "^4.17.21",
        "luxon": "^3.7.2",
        "open": "^8.4.2",
        "uuid": "^11.1.0"
      },
      "devDependencies": {
        "jasmine": "^6.0.0",
        "nyc": "^17.1.0",
        "release-it": "^19.2.4",
        "release-it-pnpm": "^4.6.6"
      }
    },
    "../../../node_modules/.pnpm/playwright-bdd@8.5.0_@playwright+test@1.59.1/node_modules/playwright-bdd": {
      "version": "8.5.0",
      "dev": true,
      "license": "MIT",
      "dependencies": {
        "@cucumber/cucumber-expressions": "18.0.1",
        "@cucumber/gherkin": "^32.1.2",
        "@cucumber/gherkin-utils": "^9.2.0",
        "@cucumber/html-formatter": "^21.11.0",
        "@cucumber/junit-xml-formatter": "^0.7.1",
        "@cucumber/messages": "^27.2.0",
        "@cucumber/tag-expressions": "^6.2.0",
        "cli-table3": "0.6.5",
        "commander": "^13.1.0",
        "fast-glob": "^3.3.3",
        "mime-types": "^3.0.2",
        "xmlbuilder": "15.1.1"
      },
      "bin": {
        "bddgen": "dist/cli/index.js"
      },
      "devDependencies": {
        "@babel/plugin-proposal-decorators": "^7.28.6",
        "@cucumber/compatibility-kit": "^18.0.3",
        "@cucumber/cucumber": "^11.3.0",
        "@cucumber/pretty-formatter": "1.0.1",
        "@eslint/js": "^9.39.2",
        "@playwright/experimental-ct-react": "^1.55.1",
        "@playwright/test": "^1.55.1",
        "@release-it/keep-a-changelog": "^7.0.0",
        "@types/micromatch": "^4.0.10",
        "@types/mime-types": "^3.0.1",
        "@types/node": "^18.15.0",
        "@types/react": "^19.2.6",
        "@types/react-dom": "^19.2.3",
        "cross-env": "^10.1.0",
        "eslint": "^9.39.2",
        "eslint-plugin-playwright": "^2.4.0",
        "eslint-plugin-visual-complexity": "0.1.4",
        "expect-type": "^1.3.0",
        "globals": "^16.5.0",
        "http-server": "^14.1.1",
        "json-paths": "0.1.2",
        "knip": "^5.82.1",
        "lint-staged": "^16.2.7",
        "marked": "^17.0.1",
        "micromatch": "4.0.8",
        "npm-run-all": "^4.1.5",
        "prettier": "^3.7.4",
        "prettier-plugin-gherkin": "^3.1.3",
        "publint": "^0.3.15",
        "react": "^19.2.0",
        "react-dom": "^19.2.0",
        "release-it": "^19.0.6",
        "slugify": "1.6.6",
        "ts-node": "^10.9.2",
        "typescript": "5.5.4",
        "typescript-eslint": "^8.47.0",
        "xml2js": "0.6.2"
      },
      "engines": {
        "node": ">=18"
      },
      "funding": {
        "url": "https://github.com/sponsors/vitalets"
      },
      "peerDependencies": {
        "@playwright/test": ">=1.44"
      }
    },
    "../../../node_modules/.pnpm/react-dom@18.3.1_react@18.3.1/node_modules/react-dom": {
      "version": "18.3.1",
      "license": "MIT",
      "dependencies": {
        "loose-envify": "^1.1.0",
        "scheduler": "^0.23.2"
      },
      "peerDependencies": {
        "react": "^18.3.1"
      }
    },
    "../../../node_modules/.pnpm/react-router-dom@6.30.3_react-dom@18.3.1_react@18.3.1__react@18.3.1/node_modules/react-router-dom": {
      "version": "6.30.3",
      "extraneous": true,
      "license": "MIT",
      "dependencies": {
        "@remix-run/router": "1.23.2",
        "react-router": "6.30.3"
      },
      "devDependencies": {
        "react": "^18.2.0",
        "react-dom": "^18.2.0"
      },
      "engines": {
        "node": ">=14.0.0"
      },
      "peerDependencies": {
        "react": ">=16.8",
        "react-dom": ">=16.8"
      }
    },
    "../../../node_modules/.pnpm/react@18.3.1/node_modules/react": {
      "version": "18.3.1",
      "license": "MIT",
      "dependencies": {
        "loose-envify": "^1.1.0"
      },
      "engines": {
        "node": ">=0.10.0"
      }
    },
    "../../../node_modules/.pnpm/typescript@5.9.3/node_modules/typescript": {
      "version": "5.9.3",
      "dev": true,
      "license": "Apache-2.0",
      "bin": {
        "tsc": "bin/tsc",
        "tsserver": "bin/tsserver"
      },
      "devDependencies": {
        "@dprint/formatter": "^0.4.1",
        "@dprint/typescript": "0.93.4",
        "@esfx/canceltoken": "^1.0.0",
        "@eslint/js": "^9.20.0",
        "@octokit/rest": "^21.1.1",
        "@types/chai": "^4.3.20",
        "@types/diff": "^7.0.1",
        "@types/minimist": "^1.2.5",
        "@types/mocha": "^10.0.10",
        "@types/ms": "^0.7.34",
        "@types/node": "latest",
        "@types/source-map-support": "^0.5.10",
        "@types/which": "^3.0.4",
        "@typescript-eslint/rule-tester": "^8.24.1",
        "@typescript-eslint/type-utils": "^8.24.1",
        "@typescript-eslint/utils": "^8.24.1",
        "azure-devops-node-api": "^14.1.0",
        "c8": "^10.1.3",
        "chai": "^4.5.0",
        "chokidar": "^4.0.3",
        "diff": "^7.0.0",
        "dprint": "^0.49.0",
        "esbuild": "^0.25.0",
        "eslint": "^9.20.1",
        "eslint-formatter-autolinkable-stylish": "^1.4.0",
        "eslint-plugin-regexp": "^2.7.0",
        "fast-xml-parser": "^4.5.2",
        "glob": "^10.4.5",
        "globals": "^15.15.0",
        "hereby": "^1.10.0",
        "jsonc-parser": "^3.3.1",
        "knip": "^5.44.4",
        "minimist": "^1.2.8",
        "mocha": "^10.8.2",
        "mocha-fivemat-progress-reporter": "^0.1.0",
        "monocart-coverage-reports": "^2.12.1",
        "ms": "^2.1.3",
        "picocolors": "^1.1.1",
        "playwright": "^1.50.1",
        "source-map-support": "^0.5.21",
        "tslib": "^2.8.1",
        "typescript": "^5.7.3",
        "typescript-eslint": "^8.24.1",
        "which": "^3.0.1"
      },
      "engines": {
        "node": ">=14.17"
      }
    },
    "../../../node_modules/.pnpm/vite@5.4.21_@types+node@22.19.17/node_modules/vite": {
      "version": "5.4.21",
      "dev": true,
      "license": "MIT",
      "dependencies": {
        "esbuild": "^0.21.3",
        "postcss": "^8.4.43",
        "rollup": "^4.20.0"
      },
      "bin": {
        "vite": "bin/vite.js"
      },
      "devDependencies": {
        "@ampproject/remapping": "^2.3.0",
        "@babel/parser": "^7.25.6",
        "@jridgewell/trace-mapping": "^0.3.25",
        "@polka/compression": "^1.0.0-next.25",
        "@rollup/plugin-alias": "^5.1.0",
        "@rollup/plugin-commonjs": "^26.0.1",
        "@rollup/plugin-dynamic-import-vars": "^2.1.2",
        "@rollup/plugin-json": "^6.1.0",
        "@rollup/plugin-node-resolve": "15.2.3",
        "@rollup/pluginutils": "^5.1.0",
        "@types/escape-html": "^1.0.4",
        "@types/pnpapi": "^0.0.5",
        "artichokie": "^0.2.1",
        "cac": "^6.7.14",
        "chokidar": "^3.6.0",
        "connect": "^3.7.0",
        "convert-source-map": "^2.0.0",
        "cors": "^2.8.5",
        "cross-spawn": "^7.0.3",
        "debug": "^4.3.6",
        "dep-types": "link:./src/types",
        "dotenv": "^16.4.5",
        "dotenv-expand": "^11.0.6",
        "es-module-lexer": "^1.5.4",
        "escape-html": "^1.0.3",
        "estree-walker": "^3.0.3",
        "etag": "^1.8.1",
        "fast-glob": "^3.3.2",
        "http-proxy": "^1.18.1",
        "launch-editor-middleware": "^2.9.1",
        "lightningcss": "^1.26.0",
        "magic-string": "^0.30.11",
        "micromatch": "^4.0.8",
        "mlly": "^1.7.1",
        "mrmime": "^2.0.0",
        "open": "^8.4.2",
        "parse5": "^7.1.2",
        "pathe": "^1.1.2",
        "periscopic": "^4.0.2",
        "picocolors": "^1.0.1",
        "picomatch": "^2.3.1",
        "postcss-import": "^16.1.0",
        "postcss-load-config": "^4.0.2",
        "postcss-modules": "^6.0.0",
        "resolve.exports": "^2.0.2",
        "rollup-plugin-dts": "^6.1.1",
        "rollup-plugin-esbuild": "^6.1.1",
        "rollup-plugin-license": "^3.5.2",
        "sass": "^1.77.8",
        "sass-embedded": "^1.77.8",
        "sirv": "^2.0.4",
        "source-map-support": "^0.5.21",
        "strip-ansi": "^7.1.0",
        "strip-literal": "^2.1.0",
        "tsconfck": "^3.1.4",
        "tslib": "^2.7.0",
        "types": "link:./types",
        "ufo": "^1.5.4",
        "ws": "^8.18.0"
      },
      "engines": {
        "node": "^18.0.0 || >=20.0.0"
      },
      "funding": {
        "url": "https://github.com/vitejs/vite?sponsor=1"
      },
      "optionalDependencies": {
        "fsevents": "~2.3.3"
      },
      "peerDependencies": {
        "@types/node": "^18.0.0 || >=20.0.0",
        "less": "*",
        "lightningcss": "^1.21.0",
        "sass": "*",
        "sass-embedded": "*",
        "stylus": "*",
        "sugarss": "*",
        "terser": "^5.4.0"
      },
      "peerDependenciesMeta": {
        "@types/node": {
          "optional": true
        },
        "less": {
          "optional": true
        },
        "lightningcss": {
          "optional": true
        },
        "sass": {
          "optional": true
        },
        "sass-embedded": {
          "optional": true
        },
        "stylus": {
          "optional": true
        },
        "sugarss": {
          "optional": true
        },
        "terser": {
          "optional": true
        }
      }
    },
    "../../../node_modules/.pnpm/zustand@5.0.12_@types+react@18.3.28_react@18.3.1_use-sync-external-store@1.6.0_react@18.3.1_/node_modules/zustand": {
      "version": "5.0.12",
      "extraneous": true,
      "license": "MIT",
      "engines": {
        "node": ">=12.20.0"
      },
      "peerDependencies": {
        "@types/react": ">=18.0.0",
        "immer": ">=9.0.6",
        "react": ">=18.0.0",
        "use-sync-external-store": ">=1.2.0"
      },
      "peerDependenciesMeta": {
        "@types/react": {
          "optional": true
        },
        "immer": {
          "optional": true
        },
        "react": {
          "optional": true
        },
        "use-sync-external-store": {
          "optional": true
        }
      }
    },
    "node_modules/@emotion/react": {
      "resolved": "../../../node_modules/.pnpm/@emotion+react@11.14.0_@types+react@18.3.28_react@18.3.1/node_modules/@emotion/react",
      "link": true
    },
    "node_modules/@emotion/styled": {
      "resolved": "../../../node_modules/.pnpm/@emotion+styled@11.14.1_@emotion+react@11.14.0_@types+react@18.3.28_react@18.3.1__@types+react@18.3.28_react@18.3.1/node_modules/@emotion/styled",
      "link": true
    },
    "node_modules/@faker-js/faker": {
      "resolved": "../../../node_modules/.pnpm/@faker-js+faker@10.4.0/node_modules/@faker-js/faker",
      "link": true
    },
    "node_modules/@mui/icons-material": {
      "resolved": "../../../node_modules/.pnpm/@mui+icons-material@6.5.0_@mui+material@6.5.0_@emotion+react@11.14.0_@types+react@18.3.28_rea_5bhv252y7y5evidk7rbtp63yp4/node_modules/@mui/icons-material",
      "link": true
    },
    "node_modules/@mui/material": {
      "resolved": "../../../node_modules/.pnpm/@mui+material@6.5.0_@emotion+react@11.14.0_@types+react@18.3.28_react@18.3.1__@emotion+styled_6ratv5p5rfxejiqyqxxypeal34/node_modules/@mui/material",
      "link": true
    },
    "node_modules/@mui/x-date-pickers": {
      "resolved": "../../../node_modules/.pnpm/@mui+x-date-pickers@7.29.4_@emotion+react@11.14.0_@types+react@18.3.28_react@18.3.1__@emotion_rjdwg7ajit5yujzusyrgekienu/node_modules/@mui/x-date-pickers",
      "link": true
    },
    "node_modules/@playwright/test": {
      "resolved": "../../../node_modules/.pnpm/@playwright+test@1.59.1/node_modules/@playwright/test",
      "link": true
    },
    "node_modules/@remix-run/router": {
      "version": "1.23.2",
      "resolved": "https://registry.npmjs.org/@remix-run/router/-/router-1.23.2.tgz",
      "integrity": "sha512-Ic6m2U/rMjTkhERIa/0ZtXJP17QUi2CbWE7cqx4J58M8aA3QTfW+2UlQ4psvTX9IO1RfNVhK3pcpdjej7L+t2w==",
      "license": "MIT",
      "engines": {
        "node": ">=14.0.0"
      }
    },
    "node_modules/@types/react": {
      "resolved": "../../../node_modules/.pnpm/@types+react@18.3.28/node_modules/@types/react",
      "link": true
    },
    "node_modules/@types/react-dom": {
      "resolved": "../../../node_modules/.pnpm/@types+react-dom@18.3.7_@types+react@18.3.28/node_modules/@types/react-dom",
      "link": true
    },
    "node_modules/@vitejs/plugin-react": {
      "resolved": "../../../node_modules/.pnpm/@vitejs+plugin-react@4.7.0_vite@5.4.21_@types+node@22.19.17_/node_modules/@vitejs/plugin-react",
      "link": true
    },
    "node_modules/date-fns": {
      "resolved": "../../../node_modules/.pnpm/date-fns@3.6.0/node_modules/date-fns",
      "link": true
    },
    "node_modules/dotenv": {
      "resolved": "../../../node_modules/.pnpm/dotenv@17.4.1/node_modules/dotenv",
      "link": true
    },
    "node_modules/multiple-cucumber-html-reporter": {
      "resolved": "../../../node_modules/.pnpm/multiple-cucumber-html-reporter@3.10.0/node_modules/multiple-cucumber-html-reporter",
      "link": true
    },
    "node_modules/playwright-bdd": {
      "resolved": "../../../node_modules/.pnpm/playwright-bdd@8.5.0_@playwright+test@1.59.1/node_modules/playwright-bdd",
      "link": true
    },
    "node_modules/react": {
      "resolved": "../../../node_modules/.pnpm/react@18.3.1/node_modules/react",
      "link": true
    },
    "node_modules/react-dom": {
      "resolved": "../../../node_modules/.pnpm/react-dom@18.3.1_react@18.3.1/node_modules/react-dom",
      "link": true
    },
    "node_modules/react-router": {
      "version": "6.30.3",
      "resolved": "https://registry.npmjs.org/react-router/-/react-router-6.30.3.tgz",
      "integrity": "sha512-XRnlbKMTmktBkjCLE8/XcZFlnHvr2Ltdr1eJX4idL55/9BbORzyZEaIkBFDhFGCEWBBItsVrDxwx3gnisMitdw==",
      "license": "MIT",
      "dependencies": {
        "@remix-run/router": "1.23.2"
      },
      "engines": {
        "node": ">=14.0.0"
      },
      "peerDependencies": {
        "react": ">=16.8"
      }
    },
    "node_modules/react-router-dom": {
      "version": "6.30.3",
      "resolved": "https://registry.npmjs.org/react-router-dom/-/react-router-dom-6.30.3.tgz",
      "integrity": "sha512-pxPcv1AczD4vso7G4Z3TKcvlxK7g7TNt3/FNGMhfqyntocvYKj+GCatfigGDjbLozC4baguJ0ReCigoDJXb0ag==",
      "license": "MIT",
      "dependencies": {
        "@remix-run/router": "1.23.2",
        "react-router": "6.30.3"
      },
      "engines": {
        "node": ">=14.0.0"
      },
      "peerDependencies": {
        "react": ">=16.8",
        "react-dom": ">=16.8"
      }
    },
    "node_modules/typescript": {
      "resolved": "../../../node_modules/.pnpm/typescript@5.9.3/node_modules/typescript",
      "link": true
    },
    "node_modules/vite": {
      "resolved": "../../../node_modules/.pnpm/vite@5.4.21_@types+node@22.19.17/node_modules/vite",
      "link": true
    },
    "node_modules/zustand": {
      "version": "5.0.12",
      "resolved": "https://registry.npmjs.org/zustand/-/zustand-5.0.12.tgz",
      "integrity": "sha512-i77ae3aZq4dhMlRhJVCYgMLKuSiZAaUPAct2AksxQ+gOtimhGMdXljRT21P5BNpeT4kXlLIckvkPM029OljD7g==",
      "license": "MIT",
      "engines": {
        "node": ">=12.20.0"
      },
      "peerDependencies": {
        "@types/react": ">=18.0.0",
        "immer": ">=9.0.6",
        "react": ">=18.0.0",
        "use-sync-external-store": ">=1.2.0"
      },
      "peerDependenciesMeta": {
        "@types/react": {
          "optional": true
        },
        "immer": {
          "optional": true
        },
        "react": {
          "optional": true
        },
        "use-sync-external-store": {
          "optional": true
        }
      }
    }
  }
}
